
Microsoft Visual Studio Solution File, Format Version 12.00
# Visual Studio Version 16
VisualStudioVersion = 16.0.30104.148
MinimumVisualStudioVersion = 10.0.40219.1
Project("{FAE04EC0-301F-11D3-BF4B-00C04F79EFBC}") = "MaisonVotre", "MaisonVotre\MaisonVotre.csproj", "{716E3DE1-61D5-42D4-B3C0-7567C6DC2389}"
EndProject
Global
	GlobalSection(SolutionConfigurationPlatforms) = preSolution
		Debug|Any CPU = Debug|Any CPU
		Release|Any CPU = Release|Any CPU
	EndGlobalSection
	GlobalSection(ProjectConfigurationPlatforms) = postSolution
		{716E3DE1-61D5-42D4-B3C0-7567C6DC2389}.Debug|Any CPU.ActiveCfg = Debug|Any CPU
		{716E3DE1-61D5-42D4-B3C0-7567C6DC2389}.Debug|Any CPU.Build.0 = Debug|Any CPU
		{716E3DE1-61D5-42D4-B3C0-7567C6DC2389}.Release|Any CPU.ActiveCfg = Release|Any CPU
		{716E3DE1-61D5-42D4-B3C0-7567C6DC2389}.Release|Any CPU.Build.0 = Release|Any CPU
	EndGlobalSection
	GlobalSection(SolutionProperties) = preSolution
		HideSolutionNode = FALSE
	EndGlobalSection
	GlobalSection(ExtensibilityGlobals) = postSolution
		SolutionGuid = {B70FA32A-9A17-4EDA-8624-379E766F1C78}
	EndGlobalSection
EndGlobal
